// !$*UTF8*$!
{
	archiveVersion = 1;
	classes = {
	};
	objectVersion = 46;
	objects = {

/* Begin PBXBuildFile section */
		2B1F12141BECF11400B6041B /* RailsRequest.swift in Sources */ = {isa = PBXBuildFile; fileRef = 2B1F12131BECF11400B6041B /* RailsRequest.swift */; };
		2B1F12161BECF2E600B6041B /* WelcomeViewController.swift in Sources */ = {isa = PBXBuildFile; fileRef = 2B1F12151BECF2E600B6041B /* WelcomeViewController.swift */; };
		2B1F12181BECF93C00B6041B /* GameplayNavigationController.swift in Sources */ = {isa = PBXBuildFile; fileRef = 2B1F12171BECF93C00B6041B /* GameplayNavigationController.swift */; };
		2B1F121C1BED0CD100B6041B /* InitialViewController.swift in Sources */ = {isa = PBXBuildFile; fileRef = 2B1F121B1BED0CD100B6041B /* InitialViewController.swift */; };
		2B969DB91BEBEDCF0026B7EA /* CategoriesTableViewController.swift in Sources */ = {isa = PBXBuildFile; fileRef = 2B969DB81BEBEDCF0026B7EA /* CategoriesTableViewController.swift */; };
		2BBE0F001BEA8FC500C27E7F /* AppDelegate.swift in Sources */ = {isa = PBXBuildFile; fileRef = 2BBE0EFF1BEA8FC500C27E7F /* AppDelegate.swift */; };
		2BBE0F051BEA8FC500C27E7F /* Login.storyboard in Resources */ = {isa = PBXBuildFile; fileRef = 2BBE0F031BEA8FC500C27E7F /* Login.storyboard */; };
		2BBE0F071BEA8FC500C27E7F /* Assets.xcassets in Resources */ = {isa = PBXBuildFile; fileRef = 2BBE0F061BEA8FC500C27E7F /* Assets.xcassets */; };
		2BBE0F0A1BEA8FC500C27E7F /* LaunchScreen.storyboard in Resources */ = {isa = PBXBuildFile; fileRef = 2BBE0F081BEA8FC500C27E7F /* LaunchScreen.storyboard */; };
		2BBE0F121BEA92D800C27E7F /* LoginViewController.swift in Sources */ = {isa = PBXBuildFile; fileRef = 2BBE0F111BEA92D800C27E7F /* LoginViewController.swift */; };
		2BBE0F141BEA951E00C27E7F /* Gameplay.storyboard in Resources */ = {isa = PBXBuildFile; fileRef = 2BBE0F131BEA951E00C27E7F /* Gameplay.storyboard */; };
		2BBE0F161BEA961600C27E7F /* MainGameViewController.swift in Sources */ = {isa = PBXBuildFile; fileRef = 2BBE0F151BEA961600C27E7F /* MainGameViewController.swift */; };
		2BBE0F181BEA970100C27E7F /* DeckTableViewController.swift in Sources */ = {isa = PBXBuildFile; fileRef = 2BBE0F171BEA970100C27E7F /* DeckTableViewController.swift */; };
/* End PBXBuildFile section */

/* Begin PBXFileReference section */
		2B1F12131BECF11400B6041B /* RailsRequest.swift */ = {isa = PBXFileReference; fileEncoding = 4; lastKnownFileType = sourcecode.swift; path = RailsRequest.swift; sourceTree = "<group>"; };
		2B1F12151BECF2E600B6041B /* WelcomeViewController.swift */ = {isa = PBXFileReference; fileEncoding = 4; lastKnownFileType = sourcecode.swift; path = WelcomeViewController.swift; sourceTree = "<group>"; };
		2B1F12171BECF93C00B6041B /* GameplayNavigationController.swift */ = {isa = PBXFileReference; fileEncoding = 4; lastKnownFileType = sourcecode.swift; path = GameplayNavigationController.swift; sourceTree = "<group>"; };
		2B1F121B1BED0CD100B6041B /* InitialViewController.swift */ = {isa = PBXFileReference; fileEncoding = 4; lastKnownFileType = sourcecode.swift; path = InitialViewController.swift; sourceTree = "<group>"; };
		2B969DB81BEBEDCF0026B7EA /* CategoriesTableViewController.swift */ = {isa = PBXFileReference; fileEncoding = 4; lastKnownFileType = sourcecode.swift; path = CategoriesTableViewController.swift; sourceTree = "<group>"; };
		2BBE0EFC1BEA8FC500C27E7F /* Trebek.app */ = {isa = PBXFileReference; explicitFileType = wrapper.application; includeInIndex = 0; path = Trebek.app; sourceTree = BUILT_PRODUCTS_DIR; };
		2BBE0EFF1BEA8FC500C27E7F /* AppDelegate.swift */ = {isa = PBXFileReference; lastKnownFileType = sourcecode.swift; path = AppDelegate.swift; sourceTree = "<group>"; };
		2BBE0F041BEA8FC500C27E7F /* Base */ = {isa = PBXFileReference; lastKnownFileType = file.storyboard; name = Base; path = Base.lproj/Login.storyboard; sourceTree = "<group>"; };
		2BBE0F061BEA8FC500C27E7F /* Assets.xcassets */ = {isa = PBXFileReference; lastKnownFileType = folder.assetcatalog; path = Assets.xcassets; sourceTree = "<group>"; };
		2BBE0F091BEA8FC500C27E7F /* Base */ = {isa = PBXFileReference; lastKnownFileType = file.storyboard; name = Base; path = Base.lproj/LaunchScreen.storyboard; sourceTree = "<group>"; };
		2BBE0F0B1BEA8FC500C27E7F /* Info.plist */ = {isa = PBXFileReference; lastKnownFileType = text.plist.xml; path = Info.plist; sourceTree = "<group>"; };
		2BBE0F111BEA92D800C27E7F /* LoginViewController.swift */ = {isa = PBXFileReference; fileEncoding = 4; lastKnownFileType = sourcecode.swift; path = LoginViewController.swift; sourceTree = "<group>"; };
		2BBE0F131BEA951E00C27E7F /* Gameplay.storyboard */ = {isa = PBXFileReference; fileEncoding = 4; lastKnownFileType = file.storyboard; path = Gameplay.storyboard; sourceTree = "<group>"; };
		2BBE0F151BEA961600C27E7F /* MainGameViewController.swift */ = {isa = PBXFileReference; fileEncoding = 4; lastKnownFileType = sourcecode.swift; path = MainGameViewController.swift; sourceTree = "<group>"; };
		2BBE0F171BEA970100C27E7F /* DeckTableViewController.swift */ = {isa = PBXFileReference; fileEncoding = 4; lastKnownFileType = sourcecode.swift; path = DeckTableViewController.swift; sourceTree = "<group>"; };
/* End PBXFileReference section */

/* Begin PBXFrameworksBuildPhase section */
		2BBE0EF91BEA8FC500C27E7F /* Frameworks */ = {
			isa = PBXFrameworksBuildPhase;
			buildActionMask = 2147483647;
			files = (
			);
			runOnlyForDeploymentPostprocessing = 0;
		};
/* End PBXFrameworksBuildPhase section */

/* Begin PBXGroup section */
		2B969D971BEBA1F70026B7EA /* GameplayViewControllers */ = {
			isa = PBXGroup;
			children = (
				2B1F12151BECF2E600B6041B /* WelcomeViewController.swift */,
				2B1F12171BECF93C00B6041B /* GameplayNavigationController.swift */,
				2BBE0F171BEA970100C27E7F /* DeckTableViewController.swift */,
				2B969DB81BEBEDCF0026B7EA /* CategoriesTableViewController.swift */,
				2BBE0F151BEA961600C27E7F /* MainGameViewController.swift */,
			);
			name = GameplayViewControllers;
			sourceTree = "<group>";
		};
		2BBE0EF31BEA8FC500C27E7F = {
			isa = PBXGroup;
			children = (
				2BBE0EFE1BEA8FC500C27E7F /* Trebek */,
				2BBE0EFD1BEA8FC500C27E7F /* Products */,
			);
			sourceTree = "<group>";
		};
		2BBE0EFD1BEA8FC500C27E7F /* Products */ = {
			isa = PBXGroup;
			children = (
				2BBE0EFC1BEA8FC500C27E7F /* Trebek.app */,
			);
			name = Products;
			sourceTree = "<group>";
		};
		2BBE0EFE1BEA8FC500C27E7F /* Trebek */ = {
			isa = PBXGroup;
			children = (
				2BBE0EFF1BEA8FC500C27E7F /* AppDelegate.swift */,
				2BBE0F031BEA8FC500C27E7F /* Login.storyboard */,
				2B1F121B1BED0CD100B6041B /* InitialViewController.swift */,
				2BBE0F111BEA92D800C27E7F /* LoginViewController.swift */,
				2B1F12131BECF11400B6041B /* RailsRequest.swift */,
				2BBE0F131BEA951E00C27E7F /* Gameplay.storyboard */,
				2B969D971BEBA1F70026B7EA /* GameplayViewControllers */,
				2BBE0F061BEA8FC500C27E7F /* Assets.xcassets */,
				2BBE0F081BEA8FC500C27E7F /* LaunchScreen.storyboard */,
				2BBE0F0B1BEA8FC500C27E7F /* Info.plist */,
			);
			path = Trebek;
			sourceTree = "<group>";
		};
/* End PBXGroup section */

/* Begin PBXNativeTarget section */
		2BBE0EFB1BEA8FC500C27E7F /* Trebek */ = {
			isa = PBXNativeTarget;
			buildConfigurationList = 2BBE0F0E1BEA8FC500C27E7F /* Build configuration list for PBXNativeTarget "Trebek" */;
			buildPhases = (
				2BBE0EF81BEA8FC500C27E7F /* Sources */,
				2BBE0EF91BEA8FC500C27E7F /* Frameworks */,
				2BBE0EFA1BEA8FC500C27E7F /* Resources */,
			);
			buildRules = (
			);
			dependencies = (
			);
			name = Trebek;
			productName = Trebek;
			productReference = 2BBE0EFC1BEA8FC500C27E7F /* Trebek.app */;
			productType = "com.apple.product-type.application";
		};
/* End PBXNativeTarget section */

/* Begin PBXProject section */
		2BBE0EF41BEA8FC500C27E7F /* Project object */ = {
			isa = PBXProject;
			attributes = {
				LastSwiftUpdateCheck = 0710;
				LastUpgradeCheck = 0710;
				ORGANIZATIONNAME = "Joe E.";
				TargetAttributes = {
					2BBE0EFB1BEA8FC500C27E7F = {
						CreatedOnToolsVersion = 7.1;
					};
				};
			};
			buildConfigurationList = 2BBE0EF71BEA8FC500C27E7F /* Build configuration list for PBXProject "Trebek" */;
			compatibilityVersion = "Xcode 3.2";
			developmentRegion = English;
			hasScannedForEncodings = 0;
			knownRegions = (
				en,
				Base,
			);
			mainGroup = 2BBE0EF31BEA8FC500C27E7F;
			productRefGroup = 2BBE0EFD1BEA8FC500C27E7F /* Products */;
			projectDirPath = "";
			projectRoot = "";
			targets = (
				2BBE0EFB1BEA8FC500C27E7F /* Trebek */,
			);
		};
/* End PBXProject section */

/* Begin PBXResourcesBuildPhase section */
		2BBE0EFA1BEA8FC500C27E7F /* Resources */ = {
			isa = PBXResourcesBuildPhase;
			buildActionMask = 2147483647;
			files = (
				2BBE0F0A1BEA8FC500C27E7F /* LaunchScreen.storyboard in Resources */,
				2BBE0F071BEA8FC500C27E7F /* Assets.xcassets in Resources */,
				2BBE0F141BEA951E00C27E7F /* Gameplay.storyboard in Resources */,
				2BBE0F051BEA8FC500C27E7F /* Login.storyboard in Resources */,
			);
			runOnlyForDeploymentPostprocessing = 0;
		};
/* End PBXResourcesBuildPhase section */

/* Begin PBXSourcesBuildPhase section */
		2BBE0EF81BEA8FC500C27E7F /* Sources */ = {
			isa = PBXSourcesBuildPhase;
			buildActionMask = 2147483647;
			files = (
				2BBE0F161BEA961600C27E7F /* MainGameViewController.swift in Sources */,
				2BBE0F121BEA92D800C27E7F /* LoginViewController.swift in Sources */,
				2BBE0F181BEA970100C27E7F /* DeckTableViewController.swift in Sources */,
				2B1F121C1BED0CD100B6041B /* InitialViewController.swift in Sources */,
				2BBE0F001BEA8FC500C27E7F /* AppDelegate.swift in Sources */,
				2B969DB91BEBEDCF0026B7EA /* CategoriesTableViewController.swift in Sources */,
				2B1F12181BECF93C00B6041B /* GameplayNavigationController.swift in Sources */,
				2B1F12141BECF11400B6041B /* RailsRequest.swift in Sources */,
				2B1F12161BECF2E600B6041B /* WelcomeViewController.swift in Sources */,
			);
			runOnlyForDeploymentPostprocessing = 0;
		};
/* End PBXSourcesBuildPhase section */

/* Begin PBXVariantGroup section */
		2BBE0F031BEA8FC500C27E7F /* Login.storyboard */ = {
			isa = PBXVariantGroup;
			children = (
				2BBE0F041BEA8FC500C27E7F /* Base */,
			);
			name = Login.storyboard;
			sourceTree = "<group>";
		};
		2BBE0F081BEA8FC500C27E7F /* LaunchScreen.storyboard */ = {
			isa = PBXVariantGroup;
			children = (
				2BBE0F091BEA8FC500C27E7F /* Base */,
			);
			name = LaunchScreen.storyboard;
			sourceTree = "<group>";
		};
/* End PBXVariantGroup section */

/* Begin XCBuildConfiguration section */
		2BBE0F0C1BEA8FC500C27E7F /* Debug */ = {
			isa = XCBuildConfiguration;
			buildSettings = {
				ALWAYS_SEARCH_USER_PATHS = NO;
				CLANG_CXX_LANGUAGE_STANDARD = "gnu++0x";
				CLANG_CXX_LIBRARY = "libc++";
				CLANG_ENABLE_MODULES = YES;
				CLANG_ENABLE_OBJC_ARC = YES;
				CLANG_WARN_BOOL_CONVERSION = YES;
				CLANG_WARN_CONSTANT_CONVERSION = YES;
				CLANG_WARN_DIRECT_OBJC_ISA_USAGE = YES_ERROR;
				CLANG_WARN_EMPTY_BODY = YES;
				CLANG_WARN_ENUM_CONVERSION = YES;
				CLANG_WARN_INT_CONVERSION = YES;
				CLANG_WARN_OBJC_ROOT_CLASS = YES_ERROR;
				CLANG_WARN_UNREACHABLE_CODE = YES;
				CLANG_WARN__DUPLICATE_METHOD_MATCH = YES;
				"CODE_SIGN_IDENTITY[sdk=iphoneos*]" = "iPhone Developer";
				COPY_PHASE_STRIP = NO;
				DEBUG_INFORMATION_FORMAT = dwarf;
				ENABLE_STRICT_OBJC_MSGSEND = YES;
				ENABLE_TESTABILITY = YES;
				GCC_C_LANGUAGE_STANDARD = gnu99;
				GCC_DYNAMIC_NO_PIC = NO;
				GCC_NO_COMMON_BLOCKS = YES;
				GCC_OPTIMIZATION_LEVEL = 0;
				GCC_PREPROCESSOR_DEFINITIONS = (
					"DEBUG=1",
					"$(inherited)",
				);
				GCC_WARN_64_TO_32_BIT_CONVERSION = YES;
				GCC_WARN_ABOUT_RETURN_TYPE = YES_ERROR;
				GCC_WARN_UNDECLARED_SELECTOR = YES;
				GCC_WARN_UNINITIALIZED_AUTOS = YES_AGGRESSIVE;
				GCC_WARN_UNUSED_FUNCTION = YES;
				GCC_WARN_UNUSED_VARIABLE = YES;
				IPHONEOS_DEPLOYMENT_TARGET = 9.1;
				MTL_ENABLE_DEBUG_INFO = YES;
				ONLY_ACTIVE_ARCH = YES;
				SDKROOT = iphoneos;
				SWIFT_OPTIMIZATION_LEVEL = "-Onone";
			};
			name = Debug;
		};
		2BBE0F0D1BEA8FC500C27E7F /* Release */ = {
			isa = XCBuildConfiguration;
			buildSettings = {
				ALWAYS_SEARCH_USER_PATHS = NO;
				CLANG_CXX_LANGUAGE_STANDARD = "gnu++0x";
				CLANG_CXX_LIBRARY = "libc++";
				CLANG_ENABLE_MODULES = YES;
				CLANG_ENABLE_OBJC_ARC = YES;
				CLANG_WARN_BOOL_CONVERSION = YES;
				CLANG_WARN_CONSTANT_CONVERSION = YES;
				CLANG_WARN_DIRECT_OBJC_ISA_USAGE = YES_ERROR;
				CLANG_WARN_EMPTY_BODY = YES;
				CLANG_WARN_ENUM_CONVERSION = YES;
				CLANG_WARN_INT_CONVERSION = YES;
				CLANG_WARN_OBJC_ROOT_CLASS = YES_ERROR;
				CLANG_WARN_UNREACHABLE_CODE = YES;
				CLANG_WARN__DUPLICATE_METHOD_MATCH = YES;
				"CODE_SIGN_IDENTITY[sdk=iphoneos*]" = "iPhone Developer";
				COPY_PHASE_STRIP = NO;
				DEBUG_INFORMATION_FORMAT = "dwarf-with-dsym";
				ENABLE_NS_ASSERTIONS = NO;
				ENABLE_STRICT_OBJC_MSGSEND = YES;
				GCC_C_LANGUAGE_STANDARD = gnu99;
				GCC_NO_COMMON_BLOCKS = YES;
				GCC_WARN_64_TO_32_BIT_CONVERSION = YES;
				GCC_WARN_ABOUT_RETURN_TYPE = YES_ERROR;
				GCC_WARN_UNDECLARED_SELECTOR = YES;
				GCC_WARN_UNINITIALIZED_AUTOS = YES_AGGRESSIVE;
				GCC_WARN_UNUSED_FUNCTION = YES;
				GCC_WARN_UNUSED_VARIABLE = YES;
				IPHONEOS_DEPLOYMENT_TARGET = 9.1;
				MTL_ENABLE_DEBUG_INFO = NO;
				SDKROOT = iphoneos;
				VALIDATE_PRODUCT = YES;
			};
			name = Release;
		};
		2BBE0F0F1BEA8FC500C27E7F /* Debug */ = {
			isa = XCBuildConfiguration;
			buildSettings = {
				ASSETCATALOG_COMPILER_APPICON_NAME = AppIcon;
				INFOPLIST_FILE = Trebek/Info.plist;
				IPHONEOS_DEPLOYMENT_TARGET = 9.0;
				LD_RUNPATH_SEARCH_PATHS = "$(inherited) @executable_path/Frameworks";
				PRODUCT_BUNDLE_IDENTIFIER = com.Montchat.Trebek;
				PRODUCT_NAME = "$(TARGET_NAME)";
			};
			name = Debug;
		};
		2BBE0F101BEA8FC500C27E7F /* Release */ = {
			isa = XCBuildConfiguration;
			buildSettings = {
				ASSETCATALOG_COMPILER_APPICON_NAME = AppIcon;
				INFOPLIST_FILE = Trebek/Info.plist;
				IPHONEOS_DEPLOYMENT_TARGET = 9.0;
				LD_RUNPATH_SEARCH_PATHS = "$(inherited) @executable_path/Frameworks";
				PRODUCT_BUNDLE_IDENTIFIER = com.Montchat.Trebek;
				PRODUCT_NAME = "$(TARGET_NAME)";
			};
			name = Release;
		};
/* End XCBuildConfiguration section */

/* Begin XCConfigurationList section */
		2BBE0EF71BEA8FC500C27E7F /* Build configuration list for PBXProject "Trebek" */ = {
			isa = XCConfigurationList;
			buildConfigurations = (
				2BBE0F0C1BEA8FC500C27E7F /* Debug */,
				2BBE0F0D1BEA8FC500C27E7F /* Release */,
			);
			defaultConfigurationIsVisible = 0;
			defaultConfigurationName = Release;
		};
		2BBE0F0E1BEA8FC500C27E7F /* Build configuration list for PBXNativeTarget "Trebek" */ = {
			isa = XCConfigurationList;
			buildConfigurations = (
				2BBE0F0F1BEA8FC500C27E7F /* Debug */,
				2BBE0F101BEA8FC500C27E7F /* Release */,
			);
			defaultConfigurationIsVisible = 0;
			defaultConfigurationName = Release;
		};
/* End XCConfigurationList section */
	};
	rootObject = 2BBE0EF41BEA8FC500C27E7F /* Project object */;
}
